
Microsoft Visual Studio Solution File, Format Version 12.00
# Visual Studio Version 16
VisualStudioVersion = 16.0.31005.135
MinimumVisualStudioVersion = 10.0.40219.1
Project("{2150E333-8FDC-42A3-9474-1A3956D46DE8}") = "Services", "Services", "{2C48C957-8B37-457A-9C47-9F9ADC35CAA2}"
EndProject
Project("{2150E333-8FDC-42A3-9474-1A3956D46DE8}") = "Catalog", "Catalog", "{D47D4138-0EE7-425F-A552-75E323C3B6B7}"
EndProject
Project("{9A19103F-16F7-4668-BE54-9A1E7A4F7556}") = "Catalog.API", "Services\Catalog\Catalog.API\Catalog.API.csproj", "{8709EE3F-2430-4697-9713-C0A880A00EDD}"
EndProject
Project("{E53339B2-1760-4266-BCC7-CA923CBCF16C}") = "docker-compose", "docker-compose.dcproj", "{9B6255CE-E740-469E-AA5F-FFFB6B59697B}"
EndProject
Project("{2150E333-8FDC-42A3-9474-1A3956D46DE8}") = "Basket", "Basket", "{DF6CCAE1-F3B1-43EB-906B-7438409CD357}"
EndProject
Project("{9A19103F-16F7-4668-BE54-9A1E7A4F7556}") = "Basket.API", "Services\Basket\Basket.API\Basket.API.csproj", "{95FF29F3-DDFA-440A-A925-757FBAB0B84E}"
EndProject
Project("{2150E333-8FDC-42A3-9474-1A3956D46DE8}") = "Discount", "Discount", "{7DC703CB-512C-4D71-8E04-B243E4E94289}"
EndProject
Project("{9A19103F-16F7-4668-BE54-9A1E7A4F7556}") = "Discount.Grpc", "Services\Discount\Discount.Grpc\Discount.Grpc.csproj", "{42C711A3-488B-4719-8262-EA1C2258DA4C}"
EndProject
Project("{9A19103F-16F7-4668-BE54-9A1E7A4F7556}") = "Discount.API", "Services\Discount\Discount.API\Discount.API.csproj", "{466A85B1-6CF7-4817-8AD4-BCF522BEAF8E}"
EndProject
Project("{2150E333-8FDC-42A3-9474-1A3956D46DE8}") = "Ordering", "Ordering", "{9F3F6084-9A32-4749-A299-179A7DB14334}"
EndProject
Project("{9A19103F-16F7-4668-BE54-9A1E7A4F7556}") = "Ordering.API", "Services\Ordering\Ordering.Api\Ordering.API.csproj", "{9D05C73B-30C2-47E5-B421-2DD783BBBC63}"
EndProject
Project("{9A19103F-16F7-4668-BE54-9A1E7A4F7556}") = "Ordering.Domain", "Services\Ordering\Ordering.Domain\Ordering.Domain.csproj", "{253C0479-7727-49C5-9568-5F3DB0C2B194}"
EndProject
Project("{9A19103F-16F7-4668-BE54-9A1E7A4F7556}") = "Ordering.Application", "Services\Ordering\Ordering.Application\Ordering.Application.csproj", "{5C5C0382-EF20-43C2-85FB-420F70C5344C}"
EndProject
Project("{9A19103F-16F7-4668-BE54-9A1E7A4F7556}") = "Ordering.Infrastructure", "Services\Ordering\Ordering.Infrastructure\Ordering.Infrastructure.csproj", "{D3D223BB-DE27-45F9-A7FB-AD3250B826F3}"
EndProject
Project("{2150E333-8FDC-42A3-9474-1A3956D46DE8}") = "BuildingBlocks", "BuildingBlocks", "{0F6C5D3E-DA67-48FE-B349-DB021F395004}"
EndProject
Project("{9A19103F-16F7-4668-BE54-9A1E7A4F7556}") = "EventBus.Messages", "BuildingBlocks\EventBus.Messages\EventBus.Messages.csproj", "{87961E88-45FA-466A-B133-48C2C42E551F}"
EndProject
Project("{2150E333-8FDC-42A3-9474-1A3956D46DE8}") = "ApiGateways", "ApiGateways", "{47CD03E7-0173-4E4A-9609-67B8650E9637}"
EndProject
Project("{FAE04EC0-301F-11D3-BF4B-00C04F79EFBC}") = "OcelotApiGw", "ApiGateways\OcelotApiGw\OcelotApiGw.csproj", "{8B83CD72-D535-45D9-A4EA-AA4457241375}"
EndProject
Global
	GlobalSection(SolutionConfigurationPlatforms) = preSolution
		Debug|Any CPU = Debug|Any CPU
		Release|Any CPU = Release|Any CPU
	EndGlobalSection
	GlobalSection(ProjectConfigurationPlatforms) = postSolution
		{8709EE3F-2430-4697-9713-C0A880A00EDD}.Debug|Any CPU.ActiveCfg = Debug|Any CPU
		{8709EE3F-2430-4697-9713-C0A880A00EDD}.Debug|Any CPU.Build.0 = Debug|Any CPU
		{8709EE3F-2430-4697-9713-C0A880A00EDD}.Release|Any CPU.ActiveCfg = Release|Any CPU
		{8709EE3F-2430-4697-9713-C0A880A00EDD}.Release|Any CPU.Build.0 = Release|Any CPU
		{9B6255CE-E740-469E-AA5F-FFFB6B59697B}.Debug|Any CPU.ActiveCfg = Debug|Any CPU
		{9B6255CE-E740-469E-AA5F-FFFB6B59697B}.Debug|Any CPU.Build.0 = Debug|Any CPU
		{9B6255CE-E740-469E-AA5F-FFFB6B59697B}.Release|Any CPU.ActiveCfg = Release|Any CPU
		{9B6255CE-E740-469E-AA5F-FFFB6B59697B}.Release|Any CPU.Build.0 = Release|Any CPU
		{95FF29F3-DDFA-440A-A925-757FBAB0B84E}.Debug|Any CPU.ActiveCfg = Debug|Any CPU
		{95FF29F3-DDFA-440A-A925-757FBAB0B84E}.Debug|Any CPU.Build.0 = Debug|Any CPU
		{95FF29F3-DDFA-440A-A925-757FBAB0B84E}.Release|Any CPU.ActiveCfg = Release|Any CPU
		{95FF29F3-DDFA-440A-A925-757FBAB0B84E}.Release|Any CPU.Build.0 = Release|Any CPU
		{42C711A3-488B-4719-8262-EA1C2258DA4C}.Debug|Any CPU.ActiveCfg = Debug|Any CPU
		{42C711A3-488B-4719-8262-EA1C2258DA4C}.Debug|Any CPU.Build.0 = Debug|Any CPU
		{42C711A3-488B-4719-8262-EA1C2258DA4C}.Release|Any CPU.ActiveCfg = Release|Any CPU
		{42C711A3-488B-4719-8262-EA1C2258DA4C}.Release|Any CPU.Build.0 = Release|Any CPU
		{466A85B1-6CF7-4817-8AD4-BCF522BEAF8E}.Debug|Any CPU.ActiveCfg = Debug|Any CPU
		{466A85B1-6CF7-4817-8AD4-BCF522BEAF8E}.Debug|Any CPU.Build.0 = Debug|Any CPU
		{466A85B1-6CF7-4817-8AD4-BCF522BEAF8E}.Release|Any CPU.ActiveCfg = Release|Any CPU
		{466A85B1-6CF7-4817-8AD4-BCF522BEAF8E}.Release|Any CPU.Build.0 = Release|Any CPU
		{9D05C73B-30C2-47E5-B421-2DD783BBBC63}.Debug|Any CPU.ActiveCfg = Debug|Any CPU
		{9D05C73B-30C2-47E5-B421-2DD783BBBC63}.Debug|Any CPU.Build.0 = Debug|Any CPU
		{9D05C73B-30C2-47E5-B421-2DD783BBBC63}.Release|Any CPU.ActiveCfg = Release|Any CPU
		{9D05C73B-30C2-47E5-B421-2DD783BBBC63}.Release|Any CPU.Build.0 = Release|Any CPU
		{253C0479-7727-49C5-9568-5F3DB0C2B194}.Debug|Any CPU.ActiveCfg = Debug|Any CPU
		{253C0479-7727-49C5-9568-5F3DB0C2B194}.Debug|Any CPU.Build.0 = Debug|Any CPU
		{253C0479-7727-49C5-9568-5F3DB0C2B194}.Release|Any CPU.ActiveCfg = Release|Any CPU
		{253C0479-7727-49C5-9568-5F3DB0C2B194}.Release|Any CPU.Build.0 = Release|Any CPU
		{5C5C0382-EF20-43C2-85FB-420F70C5344C}.Debug|Any CPU.ActiveCfg = Debug|Any CPU
		{5C5C0382-EF20-43C2-85FB-420F70C5344C}.Debug|Any CPU.Build.0 = Debug|Any CPU
		{5C5C0382-EF20-43C2-85FB-420F70C5344C}.Release|Any CPU.ActiveCfg = Release|Any CPU
		{5C5C0382-EF20-43C2-85FB-420F70C5344C}.Release|Any CPU.Build.0 = Release|Any CPU
		{D3D223BB-DE27-45F9-A7FB-AD3250B826F3}.Debug|Any CPU.ActiveCfg = Debug|Any CPU
		{D3D223BB-DE27-45F9-A7FB-AD3250B826F3}.Debug|Any CPU.Build.0 = Debug|Any CPU
		{D3D223BB-DE27-45F9-A7FB-AD3250B826F3}.Release|Any CPU.ActiveCfg = Release|Any CPU
		{D3D223BB-DE27-45F9-A7FB-AD3250B826F3}.Release|Any CPU.Build.0 = Release|Any CPU
		{87961E88-45FA-466A-B133-48C2C42E551F}.Debug|Any CPU.ActiveCfg = Debug|Any CPU
		{87961E88-45FA-466A-B133-48C2C42E551F}.Debug|Any CPU.Build.0 = Debug|Any CPU
		{87961E88-45FA-466A-B133-48C2C42E551F}.Release|Any CPU.ActiveCfg = Release|Any CPU
		{87961E88-45FA-466A-B133-48C2C42E551F}.Release|Any CPU.Build.0 = Release|Any CPU
		{8B83CD72-D535-45D9-A4EA-AA4457241375}.Debug|Any CPU.ActiveCfg = Debug|Any CPU
		{8B83CD72-D535-45D9-A4EA-AA4457241375}.Debug|Any CPU.Build.0 = Debug|Any CPU
		{8B83CD72-D535-45D9-A4EA-AA4457241375}.Release|Any CPU.ActiveCfg = Release|Any CPU
		{8B83CD72-D535-45D9-A4EA-AA4457241375}.Release|Any CPU.Build.0 = Release|Any CPU
	EndGlobalSection
	GlobalSection(SolutionProperties) = preSolution
		HideSolutionNode = FALSE
	EndGlobalSection
	GlobalSection(NestedProjects) = preSolution
		{D47D4138-0EE7-425F-A552-75E323C3B6B7} = {2C48C957-8B37-457A-9C47-9F9ADC35CAA2}
		{8709EE3F-2430-4697-9713-C0A880A00EDD} = {D47D4138-0EE7-425F-A552-75E323C3B6B7}
		{DF6CCAE1-F3B1-43EB-906B-7438409CD357} = {2C48C957-8B37-457A-9C47-9F9ADC35CAA2}
		{95FF29F3-DDFA-440A-A925-757FBAB0B84E} = {DF6CCAE1-F3B1-43EB-906B-7438409CD357}
		{7DC703CB-512C-4D71-8E04-B243E4E94289} = {2C48C957-8B37-457A-9C47-9F9ADC35CAA2}
		{42C711A3-488B-4719-8262-EA1C2258DA4C} = {7DC703CB-512C-4D71-8E04-B243E4E94289}
		{466A85B1-6CF7-4817-8AD4-BCF522BEAF8E} = {7DC703CB-512C-4D71-8E04-B243E4E94289}
		{9F3F6084-9A32-4749-A299-179A7DB14334} = {2C48C957-8B37-457A-9C47-9F9ADC35CAA2}
		{9D05C73B-30C2-47E5-B421-2DD783BBBC63} = {9F3F6084-9A32-4749-A299-179A7DB14334}
		{253C0479-7727-49C5-9568-5F3DB0C2B194} = {9F3F6084-9A32-4749-A299-179A7DB14334}
		{5C5C0382-EF20-43C2-85FB-420F70C5344C} = {9F3F6084-9A32-4749-A299-179A7DB14334}
		{D3D223BB-DE27-45F9-A7FB-AD3250B826F3} = {9F3F6084-9A32-4749-A299-179A7DB14334}
		{87961E88-45FA-466A-B133-48C2C42E551F} = {0F6C5D3E-DA67-48FE-B349-DB021F395004}
		{8B83CD72-D535-45D9-A4EA-AA4457241375} = {47CD03E7-0173-4E4A-9609-67B8650E9637}
	EndGlobalSection
	GlobalSection(ExtensibilityGlobals) = postSolution
		SolutionGuid = {B703BC10-AA7E-47E2-835B-AFDE2A29671F}
	EndGlobalSection
EndGlobal
